{
  "name": "@feb199/result",
  "version": "1.0.1",
  "lockfileVersion": 2,
  "requires": true,
  "packages": {
    "": {
      "name": "@feb199/result",
      "version": "1.0.1",
      "license": "GPL-3.0-or-later",
      "dependencies": {
        "enum": "^3.0.4"
      }
    },
    "node_modules/enum": {
      "version": "3.0.4",
      "resolved": "https://registry.npmjs.org/enum/-/enum-3.0.4.tgz",
      "integrity": "sha512-X+VaPeIut6Vh0nJq1sfSBQQuqVmjUpiheoR5RokqeRm4xkzsNZjOqK+gpSnW+BrEs5d9q7Wl+nf1LpolFDYp4g==",
      "engines": {
        "node": ">=0.6.0"
      }
    }
  },
  "dependencies": {
    "enum": {
      "version": "3.0.4",
      "resolved": "https://registry.npmjs.org/enum/-/enum-3.0.4.tgz",
      "integrity": "sha512-X+VaPeIut6Vh0nJq1sfSBQQuqVmjUpiheoR5RokqeRm4xkzsNZjOqK+gpSnW+BrEs5d9q7Wl+nf1LpolFDYp4g=="
    }
  }
}
